
Microsoft Visual Studio Solution File, Format Version 12.00
# Visual Studio Version 16
VisualStudioVersion = 16.0.29306.81
MinimumVisualStudioVersion = 10.0.40219.1
Project("{FAE04EC0-301F-11D3-BF4B-00C04F79EFBC}") = "Software_Engineering_Assignment", "Software_Engineering_Assignment\Software_Engineering_Assignment.csproj", "{8075616E-144F-4427-8F13-AA9F1B60BA6C}"
EndProject
Project("{FAE04EC0-301F-11D3-BF4B-00C04F79EFBC}") = "AssignmentTests", "AssignmentTests\AssignmentTests.csproj", "{93A38D35-2851-40B1-8BD1-63485841A62B}"
EndProject
Global
	GlobalSection(SolutionConfigurationPlatforms) = preSolution
		Debug|Any CPU = Debug|Any CPU
		Release|Any CPU = Release|Any CPU
	EndGlobalSection
	GlobalSection(ProjectConfigurationPlatforms) = postSolution
		{8075616E-144F-4427-8F13-AA9F1B60BA6C}.Debug|Any CPU.ActiveCfg = Debug|Any CPU
		{8075616E-144F-4427-8F13-AA9F1B60BA6C}.Debug|Any CPU.Build.0 = Debug|Any CPU
		{8075616E-144F-4427-8F13-AA9F1B60BA6C}.Release|Any CPU.ActiveCfg = Release|Any CPU
		{8075616E-144F-4427-8F13-AA9F1B60BA6C}.Release|Any CPU.Build.0 = Release|Any CPU
		{93A38D35-2851-40B1-8BD1-63485841A62B}.Debug|Any CPU.ActiveCfg = Debug|Any CPU
		{93A38D35-2851-40B1-8BD1-63485841A62B}.Debug|Any CPU.Build.0 = Debug|Any CPU
		{93A38D35-2851-40B1-8BD1-63485841A62B}.Release|Any CPU.ActiveCfg = Release|Any CPU
		{93A38D35-2851-40B1-8BD1-63485841A62B}.Release|Any CPU.Build.0 = Release|Any CPU
	EndGlobalSection
	GlobalSection(SolutionProperties) = preSolution
		HideSolutionNode = FALSE
	EndGlobalSection
	GlobalSection(ExtensibilityGlobals) = postSolution
		SolutionGuid = {835D1DC8-00F5-4A37-B328-15747B91ABE8}
	EndGlobalSection
EndGlobal
